
Microsoft Visual Studio Solution File, Format Version 12.00
# Visual Studio 14
VisualStudioVersion = 14.0.25420.1
MinimumVisualStudioVersion = 10.0.40219.1
Project("{FAE04EC0-301F-11D3-BF4B-00C04F79EFBC}") = "ColorsApp", "ColorsApp\ColorsApp\ColorsApp.csproj", "{2FD3ABF4-80B7-4AE7-B770-D534A91733BD}"
EndProject
Project("{FAE04EC0-301F-11D3-BF4B-00C04F79EFBC}") = "ColorsApp.Droid", "ColorsApp\ColorsApp.Droid\ColorsApp.Droid.csproj", "{362CA7EE-D4D3-482E-B8EB-2B54D12A73EE}"
EndProject
Global
	GlobalSection(SolutionConfigurationPlatforms) = preSolution
		Ad-Hoc|Any CPU = Ad-Hoc|Any CPU
		Ad-Hoc|ARM = Ad-Hoc|ARM
		Ad-Hoc|iPhone = Ad-Hoc|iPhone
		Ad-Hoc|iPhoneSimulator = Ad-Hoc|iPhoneSimulator
		Ad-Hoc|x64 = Ad-Hoc|x64
		Ad-Hoc|x86 = Ad-Hoc|x86
		AppStore|Any CPU = AppStore|Any CPU
		AppStore|ARM = AppStore|ARM
		AppStore|iPhone = AppStore|iPhone
		AppStore|iPhoneSimulator = AppStore|iPhoneSimulator
		AppStore|x64 = AppStore|x64
		AppStore|x86 = AppStore|x86
		Debug|Any CPU = Debug|Any CPU
		Debug|ARM = Debug|ARM
		Debug|iPhone = Debug|iPhone
		Debug|iPhoneSimulator = Debug|iPhoneSimulator
		Debug|x64 = Debug|x64
		Debug|x86 = Debug|x86
		Release|Any CPU = Release|Any CPU
		Release|ARM = Release|ARM
		Release|iPhone = Release|iPhone
		Release|iPhoneSimulator = Release|iPhoneSimulator
		Release|x64 = Release|x64
		Release|x86 = Release|x86
	EndGlobalSection
	GlobalSection(ProjectConfigurationPlatforms) = postSolution
		{2FD3ABF4-80B7-4AE7-B770-D534A91733BD}.Ad-Hoc|Any CPU.ActiveCfg = Release|Any CPU
		{2FD3ABF4-80B7-4AE7-B770-D534A91733BD}.Ad-Hoc|Any CPU.Build.0 = Release|Any CPU
		{2FD3ABF4-80B7-4AE7-B770-D534A91733BD}.Ad-Hoc|ARM.ActiveCfg = Release|Any CPU
		{2FD3ABF4-80B7-4AE7-B770-D534A91733BD}.Ad-Hoc|ARM.Build.0 = Release|Any CPU
		{2FD3ABF4-80B7-4AE7-B770-D534A91733BD}.Ad-Hoc|iPhone.ActiveCfg = Release|Any CPU
		{2FD3ABF4-80B7-4AE7-B770-D534A91733BD}.Ad-Hoc|iPhone.Build.0 = Release|Any CPU
		{2FD3ABF4-80B7-4AE7-B770-D534A91733BD}.Ad-Hoc|iPhoneSimulator.ActiveCfg = Release|Any CPU
		{2FD3ABF4-80B7-4AE7-B770-D534A91733BD}.Ad-Hoc|iPhoneSimulator.Build.0 = Release|Any CPU
		{2FD3ABF4-80B7-4AE7-B770-D534A91733BD}.Ad-Hoc|x64.ActiveCfg = Release|Any CPU
		{2FD3ABF4-80B7-4AE7-B770-D534A91733BD}.Ad-Hoc|x64.Build.0 = Release|Any CPU
		{2FD3ABF4-80B7-4AE7-B770-D534A91733BD}.Ad-Hoc|x86.ActiveCfg = Release|Any CPU
		{2FD3ABF4-80B7-4AE7-B770-D534A91733BD}.Ad-Hoc|x86.Build.0 = Release|Any CPU
		{2FD3ABF4-80B7-4AE7-B770-D534A91733BD}.AppStore|Any CPU.ActiveCfg = Release|Any CPU
		{2FD3ABF4-80B7-4AE7-B770-D534A91733BD}.AppStore|Any CPU.Build.0 = Release|Any CPU
		{2FD3ABF4-80B7-4AE7-B770-D534A91733BD}.AppStore|ARM.ActiveCfg = Release|Any CPU
		{2FD3ABF4-80B7-4AE7-B770-D534A91733BD}.AppStore|ARM.Build.0 = Release|Any CPU
		{2FD3ABF4-80B7-4AE7-B770-D534A91733BD}.AppStore|iPhone.ActiveCfg = Release|Any CPU
		{2FD3ABF4-80B7-4AE7-B770-D534A91733BD}.AppStore|iPhone.Build.0 = Release|Any CPU
		{2FD3ABF4-80B7-4AE7-B770-D534A91733BD}.AppStore|iPhoneSimulator.ActiveCfg = Release|Any CPU
		{2FD3ABF4-80B7-4AE7-B770-D534A91733BD}.AppStore|iPhoneSimulator.Build.0 = Release|Any CPU
		{2FD3ABF4-80B7-4AE7-B770-D534A91733BD}.AppStore|x64.ActiveCfg = Release|Any CPU
		{2FD3ABF4-80B7-4AE7-B770-D534A91733BD}.AppStore|x64.Build.0 = Release|Any CPU
		{2FD3ABF4-80B7-4AE7-B770-D534A91733BD}.AppStore|x86.ActiveCfg = Release|Any CPU
		{2FD3ABF4-80B7-4AE7-B770-D534A91733BD}.AppStore|x86.Build.0 = Release|Any CPU
		{2FD3ABF4-80B7-4AE7-B770-D534A91733BD}.Debug|Any CPU.ActiveCfg = Debug|Any CPU
		{2FD3ABF4-80B7-4AE7-B770-D534A91733BD}.Debug|Any CPU.Build.0 = Debug|Any CPU
		{2FD3ABF4-80B7-4AE7-B770-D534A91733BD}.Debug|ARM.ActiveCfg = Debug|Any CPU
		{2FD3ABF4-80B7-4AE7-B770-D534A91733BD}.Debug|ARM.Build.0 = Debug|Any CPU
		{2FD3ABF4-80B7-4AE7-B770-D534A91733BD}.Debug|iPhone.ActiveCfg = Debug|Any CPU
		{2FD3ABF4-80B7-4AE7-B770-D534A91733BD}.Debug|iPhone.Build.0 = Debug|Any CPU
		{2FD3ABF4-80B7-4AE7-B770-D534A91733BD}.Debug|iPhoneSimulator.ActiveCfg = Debug|Any CPU
		{2FD3ABF4-80B7-4AE7-B770-D534A91733BD}.Debug|iPhoneSimulator.Build.0 = Debug|Any CPU
		{2FD3ABF4-80B7-4AE7-B770-D534A91733BD}.Debug|x64.ActiveCfg = Debug|Any CPU
		{2FD3ABF4-80B7-4AE7-B770-D534A91733BD}.Debug|x64.Build.0 = Debug|Any CPU
		{2FD3ABF4-80B7-4AE7-B770-D534A91733BD}.Debug|x86.ActiveCfg = Debug|Any CPU
		{2FD3ABF4-80B7-4AE7-B770-D534A91733BD}.Debug|x86.Build.0 = Debug|Any CPU
		{2FD3ABF4-80B7-4AE7-B770-D534A91733BD}.Release|Any CPU.ActiveCfg = Release|Any CPU
		{2FD3ABF4-80B7-4AE7-B770-D534A91733BD}.Release|Any CPU.Build.0 = Release|Any CPU
		{2FD3ABF4-80B7-4AE7-B770-D534A91733BD}.Release|ARM.ActiveCfg = Release|Any CPU
		{2FD3ABF4-80B7-4AE7-B770-D534A91733BD}.Release|ARM.Build.0 = Release|Any CPU
		{2FD3ABF4-80B7-4AE7-B770-D534A91733BD}.Release|iPhone.ActiveCfg = Release|Any CPU
		{2FD3ABF4-80B7-4AE7-B770-D534A91733BD}.Release|iPhone.Build.0 = Release|Any CPU
		{2FD3ABF4-80B7-4AE7-B770-D534A91733BD}.Release|iPhoneSimulator.ActiveCfg = Release|Any CPU
		{2FD3ABF4-80B7-4AE7-B770-D534A91733BD}.Release|iPhoneSimulator.Build.0 = Release|Any CPU
		{2FD3ABF4-80B7-4AE7-B770-D534A91733BD}.Release|x64.ActiveCfg = Release|Any CPU
		{2FD3ABF4-80B7-4AE7-B770-D534A91733BD}.Release|x64.Build.0 = Release|Any CPU
		{2FD3ABF4-80B7-4AE7-B770-D534A91733BD}.Release|x86.ActiveCfg = Release|Any CPU
		{2FD3ABF4-80B7-4AE7-B770-D534A91733BD}.Release|x86.Build.0 = Release|Any CPU
		{362CA7EE-D4D3-482E-B8EB-2B54D12A73EE}.Ad-Hoc|Any CPU.ActiveCfg = Release|Any CPU
		{362CA7EE-D4D3-482E-B8EB-2B54D12A73EE}.Ad-Hoc|Any CPU.Build.0 = Release|Any CPU
		{362CA7EE-D4D3-482E-B8EB-2B54D12A73EE}.Ad-Hoc|Any CPU.Deploy.0 = Release|Any CPU
		{362CA7EE-D4D3-482E-B8EB-2B54D12A73EE}.Ad-Hoc|ARM.ActiveCfg = Release|Any CPU
		{362CA7EE-D4D3-482E-B8EB-2B54D12A73EE}.Ad-Hoc|ARM.Build.0 = Release|Any CPU
		{362CA7EE-D4D3-482E-B8EB-2B54D12A73EE}.Ad-Hoc|ARM.Deploy.0 = Release|Any CPU
		{362CA7EE-D4D3-482E-B8EB-2B54D12A73EE}.Ad-Hoc|iPhone.ActiveCfg = Release|Any CPU
		{362CA7EE-D4D3-482E-B8EB-2B54D12A73EE}.Ad-Hoc|iPhone.Build.0 = Release|Any CPU
		{362CA7EE-D4D3-482E-B8EB-2B54D12A73EE}.Ad-Hoc|iPhone.Deploy.0 = Release|Any CPU
		{362CA7EE-D4D3-482E-B8EB-2B54D12A73EE}.Ad-Hoc|iPhoneSimulator.ActiveCfg = Release|Any CPU
		{362CA7EE-D4D3-482E-B8EB-2B54D12A73EE}.Ad-Hoc|iPhoneSimulator.Build.0 = Release|Any CPU
		{362CA7EE-D4D3-482E-B8EB-2B54D12A73EE}.Ad-Hoc|iPhoneSimulator.Deploy.0 = Release|Any CPU
		{362CA7EE-D4D3-482E-B8EB-2B54D12A73EE}.Ad-Hoc|x64.ActiveCfg = Release|Any CPU
		{362CA7EE-D4D3-482E-B8EB-2B54D12A73EE}.Ad-Hoc|x64.Build.0 = Release|Any CPU
		{362CA7EE-D4D3-482E-B8EB-2B54D12A73EE}.Ad-Hoc|x64.Deploy.0 = Release|Any CPU
		{362CA7EE-D4D3-482E-B8EB-2B54D12A73EE}.Ad-Hoc|x86.ActiveCfg = Release|Any CPU
		{362CA7EE-D4D3-482E-B8EB-2B54D12A73EE}.Ad-Hoc|x86.Build.0 = Release|Any CPU
		{362CA7EE-D4D3-482E-B8EB-2B54D12A73EE}.Ad-Hoc|x86.Deploy.0 = Release|Any CPU
		{362CA7EE-D4D3-482E-B8EB-2B54D12A73EE}.AppStore|Any CPU.ActiveCfg = Release|Any CPU
		{362CA7EE-D4D3-482E-B8EB-2B54D12A73EE}.AppStore|Any CPU.Build.0 = Release|Any CPU
		{362CA7EE-D4D3-482E-B8EB-2B54D12A73EE}.AppStore|Any CPU.Deploy.0 = Release|Any CPU
		{362CA7EE-D4D3-482E-B8EB-2B54D12A73EE}.AppStore|ARM.ActiveCfg = Release|Any CPU
		{362CA7EE-D4D3-482E-B8EB-2B54D12A73EE}.AppStore|ARM.Build.0 = Release|Any CPU
		{362CA7EE-D4D3-482E-B8EB-2B54D12A73EE}.AppStore|ARM.Deploy.0 = Release|Any CPU
		{362CA7EE-D4D3-482E-B8EB-2B54D12A73EE}.AppStore|iPhone.ActiveCfg = Release|Any CPU
		{362CA7EE-D4D3-482E-B8EB-2B54D12A73EE}.AppStore|iPhone.Build.0 = Release|Any CPU
		{362CA7EE-D4D3-482E-B8EB-2B54D12A73EE}.AppStore|iPhone.Deploy.0 = Release|Any CPU
		{362CA7EE-D4D3-482E-B8EB-2B54D12A73EE}.AppStore|iPhoneSimulator.ActiveCfg = Release|Any CPU
		{362CA7EE-D4D3-482E-B8EB-2B54D12A73EE}.AppStore|iPhoneSimulator.Build.0 = Release|Any CPU
		{362CA7EE-D4D3-482E-B8EB-2B54D12A73EE}.AppStore|iPhoneSimulator.Deploy.0 = Release|Any CPU
		{362CA7EE-D4D3-482E-B8EB-2B54D12A73EE}.AppStore|x64.ActiveCfg = Release|Any CPU
		{362CA7EE-D4D3-482E-B8EB-2B54D12A73EE}.AppStore|x64.Build.0 = Release|Any CPU
		{362CA7EE-D4D3-482E-B8EB-2B54D12A73EE}.AppStore|x64.Deploy.0 = Release|Any CPU
		{362CA7EE-D4D3-482E-B8EB-2B54D12A73EE}.AppStore|x86.ActiveCfg = Release|Any CPU
		{362CA7EE-D4D3-482E-B8EB-2B54D12A73EE}.AppStore|x86.Build.0 = Release|Any CPU
		{362CA7EE-D4D3-482E-B8EB-2B54D12A73EE}.AppStore|x86.Deploy.0 = Release|Any CPU
		{362CA7EE-D4D3-482E-B8EB-2B54D12A73EE}.Debug|Any CPU.ActiveCfg = Debug|Any CPU
		{362CA7EE-D4D3-482E-B8EB-2B54D12A73EE}.Debug|Any CPU.Build.0 = Debug|Any CPU
		{362CA7EE-D4D3-482E-B8EB-2B54D12A73EE}.Debug|Any CPU.Deploy.0 = Debug|Any CPU
		{362CA7EE-D4D3-482E-B8EB-2B54D12A73EE}.Debug|ARM.ActiveCfg = Debug|Any CPU
		{362CA7EE-D4D3-482E-B8EB-2B54D12A73EE}.Debug|ARM.Build.0 = Debug|Any CPU
		{362CA7EE-D4D3-482E-B8EB-2B54D12A73EE}.Debug|ARM.Deploy.0 = Debug|Any CPU
		{362CA7EE-D4D3-482E-B8EB-2B54D12A73EE}.Debug|iPhone.ActiveCfg = Debug|Any CPU
		{362CA7EE-D4D3-482E-B8EB-2B54D12A73EE}.Debug|iPhone.Build.0 = Debug|Any CPU
		{362CA7EE-D4D3-482E-B8EB-2B54D12A73EE}.Debug|iPhone.Deploy.0 = Debug|Any CPU
		{362CA7EE-D4D3-482E-B8EB-2B54D12A73EE}.Debug|iPhoneSimulator.ActiveCfg = Debug|Any CPU
		{362CA7EE-D4D3-482E-B8EB-2B54D12A73EE}.Debug|iPhoneSimulator.Build.0 = Debug|Any CPU
		{362CA7EE-D4D3-482E-B8EB-2B54D12A73EE}.Debug|iPhoneSimulator.Deploy.0 = Debug|Any CPU
		{362CA7EE-D4D3-482E-B8EB-2B54D12A73EE}.Debug|x64.ActiveCfg = Debug|Any CPU
		{362CA7EE-D4D3-482E-B8EB-2B54D12A73EE}.Debug|x64.Build.0 = Debug|Any CPU
		{362CA7EE-D4D3-482E-B8EB-2B54D12A73EE}.Debug|x64.Deploy.0 = Debug|Any CPU
		{362CA7EE-D4D3-482E-B8EB-2B54D12A73EE}.Debug|x86.ActiveCfg = Debug|Any CPU
		{362CA7EE-D4D3-482E-B8EB-2B54D12A73EE}.Debug|x86.Build.0 = Debug|Any CPU
		{362CA7EE-D4D3-482E-B8EB-2B54D12A73EE}.Debug|x86.Deploy.0 = Debug|Any CPU
		{362CA7EE-D4D3-482E-B8EB-2B54D12A73EE}.Release|Any CPU.ActiveCfg = Release|Any CPU
		{362CA7EE-D4D3-482E-B8EB-2B54D12A73EE}.Release|Any CPU.Build.0 = Release|Any CPU
		{362CA7EE-D4D3-482E-B8EB-2B54D12A73EE}.Release|Any CPU.Deploy.0 = Release|Any CPU
		{362CA7EE-D4D3-482E-B8EB-2B54D12A73EE}.Release|ARM.ActiveCfg = Release|Any CPU
		{362CA7EE-D4D3-482E-B8EB-2B54D12A73EE}.Release|ARM.Build.0 = Release|Any CPU
		{362CA7EE-D4D3-482E-B8EB-2B54D12A73EE}.Release|ARM.Deploy.0 = Release|Any CPU
		{362CA7EE-D4D3-482E-B8EB-2B54D12A73EE}.Release|iPhone.ActiveCfg = Release|Any CPU
		{362CA7EE-D4D3-482E-B8EB-2B54D12A73EE}.Release|iPhone.Build.0 = Release|Any CPU
		{362CA7EE-D4D3-482E-B8EB-2B54D12A73EE}.Release|iPhone.Deploy.0 = Release|Any CPU
		{362CA7EE-D4D3-482E-B8EB-2B54D12A73EE}.Release|iPhoneSimulator.ActiveCfg = Release|Any CPU
		{362CA7EE-D4D3-482E-B8EB-2B54D12A73EE}.Release|iPhoneSimulator.Build.0 = Release|Any CPU
		{362CA7EE-D4D3-482E-B8EB-2B54D12A73EE}.Release|iPhoneSimulator.Deploy.0 = Release|Any CPU
		{362CA7EE-D4D3-482E-B8EB-2B54D12A73EE}.Release|x64.ActiveCfg = Release|Any CPU
		{362CA7EE-D4D3-482E-B8EB-2B54D12A73EE}.Release|x64.Build.0 = Release|Any CPU
		{362CA7EE-D4D3-482E-B8EB-2B54D12A73EE}.Release|x64.Deploy.0 = Release|Any CPU
		{362CA7EE-D4D3-482E-B8EB-2B54D12A73EE}.Release|x86.ActiveCfg = Release|Any CPU
		{362CA7EE-D4D3-482E-B8EB-2B54D12A73EE}.Release|x86.Build.0 = Release|Any CPU
		{362CA7EE-D4D3-482E-B8EB-2B54D12A73EE}.Release|x86.Deploy.0 = Release|Any CPU
	EndGlobalSection
	GlobalSection(SolutionProperties) = preSolution
		HideSolutionNode = FALSE
	EndGlobalSection
EndGlobal
